
Microsoft Visual Studio Solution File, Format Version 12.00
# Visual Studio Version 16
VisualStudioVersion = 16.0.30717.126
MinimumVisualStudioVersion = 10.0.40219.1
Project("{9A19103F-16F7-4668-BE54-9A1E7A4F7556}") = "DAO", "DAO\DAO.csproj", "{086329AE-1E85-4785-B9E3-60C6E514A5B3}"
EndProject
Project("{FAE04EC0-301F-11D3-BF4B-00C04F79EFBC}") = "Testing", "Testing\Testing.csproj", "{2891B950-D369-47CB-9EE1-B359AC7970C4}"
EndProject
Global
	GlobalSection(SolutionConfigurationPlatforms) = preSolution
		Debug|Any CPU = Debug|Any CPU
		Release|Any CPU = Release|Any CPU
	EndGlobalSection
	GlobalSection(ProjectConfigurationPlatforms) = postSolution
		{086329AE-1E85-4785-B9E3-60C6E514A5B3}.Debug|Any CPU.ActiveCfg = Debug|Any CPU
		{086329AE-1E85-4785-B9E3-60C6E514A5B3}.Debug|Any CPU.Build.0 = Debug|Any CPU
		{086329AE-1E85-4785-B9E3-60C6E514A5B3}.Release|Any CPU.ActiveCfg = Release|Any CPU
		{086329AE-1E85-4785-B9E3-60C6E514A5B3}.Release|Any CPU.Build.0 = Release|Any CPU
		{2891B950-D369-47CB-9EE1-B359AC7970C4}.Debug|Any CPU.ActiveCfg = Debug|Any CPU
		{2891B950-D369-47CB-9EE1-B359AC7970C4}.Debug|Any CPU.Build.0 = Debug|Any CPU
		{2891B950-D369-47CB-9EE1-B359AC7970C4}.Release|Any CPU.ActiveCfg = Release|Any CPU
		{2891B950-D369-47CB-9EE1-B359AC7970C4}.Release|Any CPU.Build.0 = Release|Any CPU
	EndGlobalSection
	GlobalSection(SolutionProperties) = preSolution
		HideSolutionNode = FALSE
	EndGlobalSection
	GlobalSection(ExtensibilityGlobals) = postSolution
		SolutionGuid = {544F6CCE-EE74-43F0-804F-2576F11EF618}
	EndGlobalSection
EndGlobal
